
Microsoft Visual Studio Solution File, Format Version 12.00
# Visual Studio 15
VisualStudioVersion = 15.0.28307.421
MinimumVisualStudioVersion = 10.0.40219.1
Project("{FAE04EC0-301F-11D3-BF4B-00C04F79EFBC}") = "face.anpr.winform", "face.anpr.winform\face.anpr.winform.csproj", "{8333F56D-0C39-4CBB-8D1A-A54633BABF4B}"
EndProject
Project("{FAE04EC0-301F-11D3-BF4B-00C04F79EFBC}") = "face.anpr.wpf", "face.anpr.wpf\face.anpr.wpf.csproj", "{5333F40E-65D5-4ACF-BEE6-850B58FE7D3F}"
EndProject
Global
	GlobalSection(SolutionConfigurationPlatforms) = preSolution
		Debug|Any CPU = Debug|Any CPU
		Release|Any CPU = Release|Any CPU
	EndGlobalSection
	GlobalSection(ProjectConfigurationPlatforms) = postSolution
		{8333F56D-0C39-4CBB-8D1A-A54633BABF4B}.Debug|Any CPU.ActiveCfg = Debug|Any CPU
		{8333F56D-0C39-4CBB-8D1A-A54633BABF4B}.Debug|Any CPU.Build.0 = Debug|Any CPU
		{8333F56D-0C39-4CBB-8D1A-A54633BABF4B}.Release|Any CPU.ActiveCfg = Release|Any CPU
		{8333F56D-0C39-4CBB-8D1A-A54633BABF4B}.Release|Any CPU.Build.0 = Release|Any CPU
		{5333F40E-65D5-4ACF-BEE6-850B58FE7D3F}.Debug|Any CPU.ActiveCfg = Debug|Any CPU
		{5333F40E-65D5-4ACF-BEE6-850B58FE7D3F}.Debug|Any CPU.Build.0 = Debug|Any CPU
		{5333F40E-65D5-4ACF-BEE6-850B58FE7D3F}.Release|Any CPU.ActiveCfg = Release|Any CPU
		{5333F40E-65D5-4ACF-BEE6-850B58FE7D3F}.Release|Any CPU.Build.0 = Release|Any CPU
	EndGlobalSection
	GlobalSection(SolutionProperties) = preSolution
		HideSolutionNode = FALSE
	EndGlobalSection
	GlobalSection(ExtensibilityGlobals) = postSolution
		SolutionGuid = {EBD584F8-8F9A-4273-9A63-F16E714C096E}
	EndGlobalSection
EndGlobal
